
Microsoft Visual Studio Solution File, Format Version 12.00
# Visual Studio Version 17
VisualStudioVersion = 17.4.32916.344
MinimumVisualStudioVersion = 10.0.40219.1
Project("{FAE04EC0-301F-11D3-BF4B-00C04F79EFBC}") = "Prog_122_W23_Lecture_3", "Prog_122_W23_Lecture_3.csproj", "{37FBBC1A-CB2F-4122-8625-7DC8B85D1D57}"
EndProject
Global
	GlobalSection(SolutionConfigurationPlatforms) = preSolution
		Debug|Any CPU = Debug|Any CPU
		Release|Any CPU = Release|Any CPU
	EndGlobalSection
	GlobalSection(ProjectConfigurationPlatforms) = postSolution
		{37FBBC1A-CB2F-4122-8625-7DC8B85D1D57}.Debug|Any CPU.ActiveCfg = Debug|Any CPU
		{37FBBC1A-CB2F-4122-8625-7DC8B85D1D57}.Debug|Any CPU.Build.0 = Debug|Any CPU
		{37FBBC1A-CB2F-4122-8625-7DC8B85D1D57}.Release|Any CPU.ActiveCfg = Release|Any CPU
		{37FBBC1A-CB2F-4122-8625-7DC8B85D1D57}.Release|Any CPU.Build.0 = Release|Any CPU
	EndGlobalSection
	GlobalSection(SolutionProperties) = preSolution
		HideSolutionNode = FALSE
	EndGlobalSection
	GlobalSection(ExtensibilityGlobals) = postSolution
		SolutionGuid = {3A48E9BC-744E-46DA-AA0F-59B65B04BCC2}
	EndGlobalSection
EndGlobal
